
Microsoft Visual Studio Solution File, Format Version 12.00
# Visual Studio 15
VisualStudioVersion = 15.0.26730.10
MinimumVisualStudioVersion = 10.0.40219.1
Project("{FAE04EC0-301F-11D3-BF4B-00C04F79EFBC}") = "PatternsExamples", "PatternsExamples.csproj", "{E9B23BCB-8E30-4E4F-B586-102B33C12124}"
EndProject
Project("{FAE04EC0-301F-11D3-BF4B-00C04F79EFBC}") = "DecouplingBehaviors", "..\DecouplingBehaviors\DecouplingBehaviors.csproj", "{EADF8607-F605-4A8D-8F46-359CE8B19BDE}"
EndProject
Project("{FAE04EC0-301F-11D3-BF4B-00C04F79EFBC}") = "ObserverExample", "..\ObserverExample\ObserverExample.csproj", "{93788D55-9CFE-4E74-A420-CF0E4D519EC3}"
EndProject
Project("{FAE04EC0-301F-11D3-BF4B-00C04F79EFBC}") = "MyGenerics", "..\MyGenerics\MyGenerics.csproj", "{E36F0EFF-595E-4C4A-8EE5-2E62B99055C5}"
EndProject
Project("{FAE04EC0-301F-11D3-BF4B-00C04F79EFBC}") = "DecoratorExample", "..\DecoratorExample\DecoratorExample.csproj", "{4D2FCD03-B27D-4CDE-8BB0-267F832DC636}"
EndProject
Project("{FAE04EC0-301F-11D3-BF4B-00C04F79EFBC}") = "FactoryExample", "..\FactoryExample\FactoryExample.csproj", "{3492F611-5A23-439C-99BC-10809552CB91}"
EndProject
Project("{FAE04EC0-301F-11D3-BF4B-00C04F79EFBC}") = "SingletonExample", "..\SingletonExample\SingletonExample.csproj", "{80475867-4896-4E21-B85F-06E8DDC4F700}"
EndProject
Project("{FAE04EC0-301F-11D3-BF4B-00C04F79EFBC}") = "CommandExample", "..\CommandExample\CommandExample.csproj", "{541F2548-5AE6-4D2D-8251-41120A34FFE5}"
EndProject
Project("{FAE04EC0-301F-11D3-BF4B-00C04F79EFBC}") = "Tests", "..\Tests\Tests.csproj", "{227EA0BB-E72B-440C-8F3A-38ED675F454F}"
EndProject
Global
	GlobalSection(SolutionConfigurationPlatforms) = preSolution
		Debug|Any CPU = Debug|Any CPU
		Release|Any CPU = Release|Any CPU
	EndGlobalSection
	GlobalSection(ProjectConfigurationPlatforms) = postSolution
		{E9B23BCB-8E30-4E4F-B586-102B33C12124}.Debug|Any CPU.ActiveCfg = Debug|Any CPU
		{E9B23BCB-8E30-4E4F-B586-102B33C12124}.Debug|Any CPU.Build.0 = Debug|Any CPU
		{E9B23BCB-8E30-4E4F-B586-102B33C12124}.Release|Any CPU.ActiveCfg = Release|Any CPU
		{E9B23BCB-8E30-4E4F-B586-102B33C12124}.Release|Any CPU.Build.0 = Release|Any CPU
		{EADF8607-F605-4A8D-8F46-359CE8B19BDE}.Debug|Any CPU.ActiveCfg = Debug|Any CPU
		{EADF8607-F605-4A8D-8F46-359CE8B19BDE}.Debug|Any CPU.Build.0 = Debug|Any CPU
		{EADF8607-F605-4A8D-8F46-359CE8B19BDE}.Release|Any CPU.ActiveCfg = Release|Any CPU
		{EADF8607-F605-4A8D-8F46-359CE8B19BDE}.Release|Any CPU.Build.0 = Release|Any CPU
		{93788D55-9CFE-4E74-A420-CF0E4D519EC3}.Debug|Any CPU.ActiveCfg = Debug|Any CPU
		{93788D55-9CFE-4E74-A420-CF0E4D519EC3}.Debug|Any CPU.Build.0 = Debug|Any CPU
		{93788D55-9CFE-4E74-A420-CF0E4D519EC3}.Release|Any CPU.ActiveCfg = Release|Any CPU
		{93788D55-9CFE-4E74-A420-CF0E4D519EC3}.Release|Any CPU.Build.0 = Release|Any CPU
		{E36F0EFF-595E-4C4A-8EE5-2E62B99055C5}.Debug|Any CPU.ActiveCfg = Debug|Any CPU
		{E36F0EFF-595E-4C4A-8EE5-2E62B99055C5}.Debug|Any CPU.Build.0 = Debug|Any CPU
		{E36F0EFF-595E-4C4A-8EE5-2E62B99055C5}.Release|Any CPU.ActiveCfg = Release|Any CPU
		{E36F0EFF-595E-4C4A-8EE5-2E62B99055C5}.Release|Any CPU.Build.0 = Release|Any CPU
		{4D2FCD03-B27D-4CDE-8BB0-267F832DC636}.Debug|Any CPU.ActiveCfg = Debug|Any CPU
		{4D2FCD03-B27D-4CDE-8BB0-267F832DC636}.Debug|Any CPU.Build.0 = Debug|Any CPU
		{4D2FCD03-B27D-4CDE-8BB0-267F832DC636}.Release|Any CPU.ActiveCfg = Release|Any CPU
		{4D2FCD03-B27D-4CDE-8BB0-267F832DC636}.Release|Any CPU.Build.0 = Release|Any CPU
		{3492F611-5A23-439C-99BC-10809552CB91}.Debug|Any CPU.ActiveCfg = Debug|Any CPU
		{3492F611-5A23-439C-99BC-10809552CB91}.Debug|Any CPU.Build.0 = Debug|Any CPU
		{3492F611-5A23-439C-99BC-10809552CB91}.Release|Any CPU.ActiveCfg = Release|Any CPU
		{3492F611-5A23-439C-99BC-10809552CB91}.Release|Any CPU.Build.0 = Release|Any CPU
		{80475867-4896-4E21-B85F-06E8DDC4F700}.Debug|Any CPU.ActiveCfg = Debug|Any CPU
		{80475867-4896-4E21-B85F-06E8DDC4F700}.Debug|Any CPU.Build.0 = Debug|Any CPU
		{80475867-4896-4E21-B85F-06E8DDC4F700}.Release|Any CPU.ActiveCfg = Release|Any CPU
		{80475867-4896-4E21-B85F-06E8DDC4F700}.Release|Any CPU.Build.0 = Release|Any CPU
		{541F2548-5AE6-4D2D-8251-41120A34FFE5}.Debug|Any CPU.ActiveCfg = Debug|Any CPU
		{541F2548-5AE6-4D2D-8251-41120A34FFE5}.Debug|Any CPU.Build.0 = Debug|Any CPU
		{541F2548-5AE6-4D2D-8251-41120A34FFE5}.Release|Any CPU.ActiveCfg = Release|Any CPU
		{541F2548-5AE6-4D2D-8251-41120A34FFE5}.Release|Any CPU.Build.0 = Release|Any CPU
		{227EA0BB-E72B-440C-8F3A-38ED675F454F}.Debug|Any CPU.ActiveCfg = Debug|Any CPU
		{227EA0BB-E72B-440C-8F3A-38ED675F454F}.Debug|Any CPU.Build.0 = Debug|Any CPU
		{227EA0BB-E72B-440C-8F3A-38ED675F454F}.Release|Any CPU.ActiveCfg = Release|Any CPU
		{227EA0BB-E72B-440C-8F3A-38ED675F454F}.Release|Any CPU.Build.0 = Release|Any CPU
	EndGlobalSection
	GlobalSection(SolutionProperties) = preSolution
		HideSolutionNode = FALSE
	EndGlobalSection
	GlobalSection(ExtensibilityGlobals) = postSolution
		SolutionGuid = {9E7954B6-BD04-4F34-94B5-A8726834A4D5}
	EndGlobalSection
EndGlobal
